{
  "name": "jaipilot",
  "version": "1.0.16",
  "lockfileVersion": 3,
  "requires": true,
  "packages": {
    "": {
      "name": "jaipilot",
      "version": "1.0.16",
      "cpu": [
        "x64",
        "arm64"
      ],
      "license": "MIT",
      "os": [
        "darwin",
        "linux"
      ],
      "bin": {
        "jaipilot": "npm/bin/jaipilot.js"
      },
      "engines": {
        "node": ">=20"
      }
    }
  }
}
